
Microsoft Visual Studio Solution File, Format Version 12.00
# Visual Studio Version 17
VisualStudioVersion = 17.14.36915.13
MinimumVisualStudioVersion = 10.0.40219.1
Project("{FAE04EC0-301F-11D3-BF4B-00C04F79EFBC}") = "StudentApi", "StudentApi.csproj", "{A30D71F4-A352-40DF-B93A-EA4B166B7C00}"
EndProject
Project("{FAE04EC0-301F-11D3-BF4B-00C04F79EFBC}") = "StudentAPIBusinessLayer", "..\StudentAPIBusinessLayer\StudentAPIBusinessLayer.csproj", "{4BAA171F-430E-49A8-897B-1C066D3AB41E}"
EndProject
Project("{FAE04EC0-301F-11D3-BF4B-00C04F79EFBC}") = "StudentAPIDataAccessLayer", "..\StudentAPIDataAccessLayer\StudentAPIDataAccessLayer.csproj", "{60C42BDF-8521-44CB-80E1-8C4971C9958D}"
EndProject
Global
	GlobalSection(SolutionConfigurationPlatforms) = preSolution
		Debug|Any CPU = Debug|Any CPU
		Release|Any CPU = Release|Any CPU
	EndGlobalSection
	GlobalSection(ProjectConfigurationPlatforms) = postSolution
		{A30D71F4-A352-40DF-B93A-EA4B166B7C00}.Debug|Any CPU.ActiveCfg = Debug|Any CPU
		{A30D71F4-A352-40DF-B93A-EA4B166B7C00}.Debug|Any CPU.Build.0 = Debug|Any CPU
		{A30D71F4-A352-40DF-B93A-EA4B166B7C00}.Release|Any CPU.ActiveCfg = Release|Any CPU
		{A30D71F4-A352-40DF-B93A-EA4B166B7C00}.Release|Any CPU.Build.0 = Release|Any CPU
		{4BAA171F-430E-49A8-897B-1C066D3AB41E}.Debug|Any CPU.ActiveCfg = Debug|Any CPU
		{4BAA171F-430E-49A8-897B-1C066D3AB41E}.Debug|Any CPU.Build.0 = Debug|Any CPU
		{4BAA171F-430E-49A8-897B-1C066D3AB41E}.Release|Any CPU.ActiveCfg = Release|Any CPU
		{4BAA171F-430E-49A8-897B-1C066D3AB41E}.Release|Any CPU.Build.0 = Release|Any CPU
		{60C42BDF-8521-44CB-80E1-8C4971C9958D}.Debug|Any CPU.ActiveCfg = Debug|Any CPU
		{60C42BDF-8521-44CB-80E1-8C4971C9958D}.Debug|Any CPU.Build.0 = Debug|Any CPU
		{60C42BDF-8521-44CB-80E1-8C4971C9958D}.Release|Any CPU.ActiveCfg = Release|Any CPU
		{60C42BDF-8521-44CB-80E1-8C4971C9958D}.Release|Any CPU.Build.0 = Release|Any CPU
	EndGlobalSection
	GlobalSection(SolutionProperties) = preSolution
		HideSolutionNode = FALSE
	EndGlobalSection
	GlobalSection(ExtensibilityGlobals) = postSolution
		SolutionGuid = {8A46BB4E-1CD5-4083-BA86-1184423E0ED8}
	EndGlobalSection
EndGlobal
